
Microsoft Visual Studio Solution File, Format Version 12.00
# Visual Studio Version 17
VisualStudioVersion = 17.14.36408.4 d17.14
MinimumVisualStudioVersion = 10.0.40219.1
Project("{FAE04EC0-301F-11D3-BF4B-00C04F79EFBC}") = "ISYS 43603 - App Assignment Fall 2025", "ISYS 43603 - App Assignment Fall 2025\ISYS 43603 - App Assignment Fall 2025.csproj", "{A444E8FA-03B5-4C00-A485-78E28E2859D7}"
EndProject
Global
	GlobalSection(SolutionConfigurationPlatforms) = preSolution
		Debug|Any CPU = Debug|Any CPU
		Release|Any CPU = Release|Any CPU
	EndGlobalSection
	GlobalSection(ProjectConfigurationPlatforms) = postSolution
		{A444E8FA-03B5-4C00-A485-78E28E2859D7}.Debug|Any CPU.ActiveCfg = Debug|Any CPU
		{A444E8FA-03B5-4C00-A485-78E28E2859D7}.Debug|Any CPU.Build.0 = Debug|Any CPU
		{A444E8FA-03B5-4C00-A485-78E28E2859D7}.Release|Any CPU.ActiveCfg = Release|Any CPU
		{A444E8FA-03B5-4C00-A485-78E28E2859D7}.Release|Any CPU.Build.0 = Release|Any CPU
	EndGlobalSection
	GlobalSection(SolutionProperties) = preSolution
		HideSolutionNode = FALSE
	EndGlobalSection
	GlobalSection(ExtensibilityGlobals) = postSolution
		SolutionGuid = {87D7C1F6-81F3-47F7-B190-A7621A0C75C3}
	EndGlobalSection
EndGlobal
